
Microsoft Visual Studio Solution File, Format Version 12.00
# Visual Studio Version 16
VisualStudioVersion = 16.0.28515.72
MinimumVisualStudioVersion = 10.0.40219.1
Project("{2150E333-8FDC-42A3-9474-1A3956D46DE8}") = "src", "src", "{ED2FE3E2-F7E7-4389-8231-B65123F2076F}"
EndProject
Project("{2150E333-8FDC-42A3-9474-1A3956D46DE8}") = "Solution Items", "Solution Items", "{5A29E8E3-A0FC-4C57-81DD-297B56D1A119}"
	ProjectSection(SolutionItems) = preProject
		NuGet.Config = NuGet.Config
	EndProjectSection
EndProject
Project("{2150E333-8FDC-42A3-9474-1A3956D46DE8}") = "test", "test", "{17735A9D-BFD9-4585-A7CB-3208CA6EA8A7}"
EndProject
Project("{2150E333-8FDC-42A3-9474-1A3956D46DE8}") = "build", "build", "{89905EC4-BC0F-443B-8ADF-691321F10108}"
	ProjectSection(SolutionItems) = preProject
		build\Branding.props = build\Branding.props
		build\BuildDefaults.props = build\BuildDefaults.props
		build\BundledSdks.props = build\BundledSdks.props
		build\FileExtensions.props = build\FileExtensions.props
		build\MSBuildExtensions.props = build\MSBuildExtensions.props
		build\MSBuildExtensions.targets = build\MSBuildExtensions.targets
		build\OutputDirectories.props = build\OutputDirectories.props
		build\Package.targets = build\Package.targets
		build\RestoreDependency.proj = build\RestoreDependency.proj
		build\sdks\sdks.csproj = build\sdks\sdks.csproj
		build\Test.targets = build\Test.targets
		build\Version.props = build\Version.props
	EndProjectSection
EndProject
Project("{2150E333-8FDC-42A3-9474-1A3956D46DE8}") = "package", "package", "{FD7D515A-D10F-4F49-B8AE-21CF7ED071AE}"
	ProjectSection(SolutionItems) = preProject
		build\package\Archive.targets = build\package\Archive.targets
		build\package\Layout.targets = build\package\Layout.targets
		build\package\MSBuildExtensions.targets = build\package\MSBuildExtensions.targets
	EndProjectSection
EndProject
Project("{2150E333-8FDC-42A3-9474-1A3956D46DE8}") = "test", "test", "{FF498306-2DE2-47F6-8C35-3CF0589CF2B8}"
	ProjectSection(SolutionItems) = preProject
		build\test\Empty.props = build\test\Empty.props
		build\test\Empty.targets = build\test\Empty.targets
		build\test\OverlaySdkOnLKG.targets = build\test\OverlaySdkOnLKG.targets
		build\test\TestPackageProjects.targets = build\test\TestPackageProjects.targets
	EndProjectSection
EndProject
Project("{9A19103F-16F7-4668-BE54-9A1E7A4F7556}") = "dotnet", "src\dotnet\dotnet.csproj", "{203F0362-DAFC-4679-A01E-7FBC331D8647}"
EndProject
Project("{9A19103F-16F7-4668-BE54-9A1E7A4F7556}") = "Microsoft.DotNet.Cli.Utils", "src\Microsoft.DotNet.Cli.Utils\Microsoft.DotNet.Cli.Utils.csproj", "{73ACEB34-D22C-43EA-87BE-EFC0E83D0126}"
EndProject
Project("{9A19103F-16F7-4668-BE54-9A1E7A4F7556}") = "Microsoft.DotNet.Configurer", "src\Microsoft.DotNet.Configurer\Microsoft.DotNet.Configurer.csproj", "{ABB81DAE-0D26-483C-BE3B-0F9ACD812A62}"
EndProject
Project("{9A19103F-16F7-4668-BE54-9A1E7A4F7556}") = "Microsoft.DotNet.InternalAbstractions", "src\Microsoft.DotNet.InternalAbstractions\Microsoft.DotNet.InternalAbstractions.csproj", "{570950AD-A080-4F32-980C-F50E312910DF}"
EndProject
Project("{9A19103F-16F7-4668-BE54-9A1E7A4F7556}") = "redist", "src\redist\redist.csproj", "{098D9321-1201-4974-A75E-F58EBCD98ACF}"
EndProject
Project("{9A19103F-16F7-4668-BE54-9A1E7A4F7556}") = "Microsoft.DotNet.Tools.Tests.Utilities", "test\Microsoft.DotNet.Tools.Tests.Utilities\Microsoft.DotNet.Tools.Tests.Utilities.csproj", "{48E260F4-6F3F-4387-B61F-D15BABD06D9A}"
EndProject
Project("{9A19103F-16F7-4668-BE54-9A1E7A4F7556}") = "Microsoft.DotNet.Cli.Sln.Internal", "src\Microsoft.DotNet.Cli.Sln.Internal\Microsoft.DotNet.Cli.Sln.Internal.csproj", "{C98C7C2E-2C29-4A40-958C-60561ED77791}"
EndProject
Project("{2150E333-8FDC-42A3-9474-1A3956D46DE8}") = "sdk", "sdk", "{3275D006-54C8-4C64-A537-B9941C5D2F0C}"
	ProjectSection(SolutionItems) = preProject
		build\sdks\sdks.csproj = build\sdks\sdks.csproj
	EndProjectSection
EndProject
Project("{9A19103F-16F7-4668-BE54-9A1E7A4F7556}") = "Microsoft.DotNet.MSBuildSdkResolver", "src\Microsoft.DotNet.MSBuildSdkResolver\Microsoft.DotNet.MSBuildSdkResolver.csproj", "{FCDFAF40-CC16-4D49-96C0-E49F195E7142}"
EndProject
Project("{9A19103F-16F7-4668-BE54-9A1E7A4F7556}") = "Microsoft.DotNet.TestFramework", "test\Microsoft.DotNet.TestFramework\Microsoft.DotNet.TestFramework.csproj", "{44759218-B558-4AF0-8991-515F1100DCF5}"
EndProject
Project("{9A19103F-16F7-4668-BE54-9A1E7A4F7556}") = "Microsoft.DotNet.Tools.Tests.ComponentMocks", "test\Microsoft.DotNet.Tools.Tests.ComponentMocks\Microsoft.DotNet.Tools.Tests.ComponentMocks.csproj", "{E442F4C1-08DB-470F-B9A6-197444CD0295}"
EndProject
Project("{9A19103F-16F7-4668-BE54-9A1E7A4F7556}") = "Microsoft.DotNet.CommandFactory.Tests", "test\Microsoft.DotNet.CommandFactory.Tests\Microsoft.DotNet.CommandFactory.Tests.csproj", "{40081AD2-610C-4771-9007-758E3B339C62}"
EndProject
Global
	GlobalSection(SolutionConfigurationPlatforms) = preSolution
		Debug|Any CPU = Debug|Any CPU
		Release|Any CPU = Release|Any CPU
	EndGlobalSection
	GlobalSection(ProjectConfigurationPlatforms) = postSolution
		{203F0362-DAFC-4679-A01E-7FBC331D8647}.Debug|Any CPU.ActiveCfg = Debug|Any CPU
		{203F0362-DAFC-4679-A01E-7FBC331D8647}.Debug|Any CPU.Build.0 = Debug|Any CPU
		{203F0362-DAFC-4679-A01E-7FBC331D8647}.Release|Any CPU.ActiveCfg = Release|Any CPU
		{203F0362-DAFC-4679-A01E-7FBC331D8647}.Release|Any CPU.Build.0 = Release|Any CPU
		{73ACEB34-D22C-43EA-87BE-EFC0E83D0126}.Debug|Any CPU.ActiveCfg = Debug|Any CPU
		{73ACEB34-D22C-43EA-87BE-EFC0E83D0126}.Debug|Any CPU.Build.0 = Debug|Any CPU
		{73ACEB34-D22C-43EA-87BE-EFC0E83D0126}.Release|Any CPU.ActiveCfg = Release|Any CPU
		{73ACEB34-D22C-43EA-87BE-EFC0E83D0126}.Release|Any CPU.Build.0 = Release|Any CPU
		{ABB81DAE-0D26-483C-BE3B-0F9ACD812A62}.Debug|Any CPU.ActiveCfg = Debug|Any CPU
		{ABB81DAE-0D26-483C-BE3B-0F9ACD812A62}.Debug|Any CPU.Build.0 = Debug|Any CPU
		{ABB81DAE-0D26-483C-BE3B-0F9ACD812A62}.Release|Any CPU.ActiveCfg = Release|Any CPU
		{ABB81DAE-0D26-483C-BE3B-0F9ACD812A62}.Release|Any CPU.Build.0 = Release|Any CPU
		{570950AD-A080-4F32-980C-F50E312910DF}.Debug|Any CPU.ActiveCfg = Debug|Any CPU
		{570950AD-A080-4F32-980C-F50E312910DF}.Debug|Any CPU.Build.0 = Debug|Any CPU
		{570950AD-A080-4F32-980C-F50E312910DF}.Release|Any CPU.ActiveCfg = Release|Any CPU
		{570950AD-A080-4F32-980C-F50E312910DF}.Release|Any CPU.Build.0 = Release|Any CPU
		{098D9321-1201-4974-A75E-F58EBCD98ACF}.Debug|Any CPU.ActiveCfg = Debug|Any CPU
		{098D9321-1201-4974-A75E-F58EBCD98ACF}.Debug|Any CPU.Build.0 = Debug|Any CPU
		{098D9321-1201-4974-A75E-F58EBCD98ACF}.Release|Any CPU.ActiveCfg = Release|Any CPU
		{098D9321-1201-4974-A75E-F58EBCD98ACF}.Release|Any CPU.Build.0 = Release|Any CPU
		{48E260F4-6F3F-4387-B61F-D15BABD06D9A}.Debug|Any CPU.ActiveCfg = Debug|Any CPU
		{48E260F4-6F3F-4387-B61F-D15BABD06D9A}.Debug|Any CPU.Build.0 = Debug|Any CPU
		{48E260F4-6F3F-4387-B61F-D15BABD06D9A}.Release|Any CPU.ActiveCfg = Release|Any CPU
		{48E260F4-6F3F-4387-B61F-D15BABD06D9A}.Release|Any CPU.Build.0 = Release|Any CPU
		{C98C7C2E-2C29-4A40-958C-60561ED77791}.Debug|Any CPU.ActiveCfg = Debug|Any CPU
		{C98C7C2E-2C29-4A40-958C-60561ED77791}.Debug|Any CPU.Build.0 = Debug|Any CPU
		{C98C7C2E-2C29-4A40-958C-60561ED77791}.Release|Any CPU.ActiveCfg = Release|Any CPU
		{C98C7C2E-2C29-4A40-958C-60561ED77791}.Release|Any CPU.Build.0 = Release|Any CPU
		{FCDFAF40-CC16-4D49-96C0-E49F195E7142}.Debug|Any CPU.ActiveCfg = Debug|Any CPU
		{FCDFAF40-CC16-4D49-96C0-E49F195E7142}.Debug|Any CPU.Build.0 = Debug|Any CPU
		{FCDFAF40-CC16-4D49-96C0-E49F195E7142}.Release|Any CPU.ActiveCfg = Release|Any CPU
		{FCDFAF40-CC16-4D49-96C0-E49F195E7142}.Release|Any CPU.Build.0 = Release|Any CPU
		{44759218-B558-4AF0-8991-515F1100DCF5}.Debug|Any CPU.ActiveCfg = Debug|Any CPU
		{44759218-B558-4AF0-8991-515F1100DCF5}.Debug|Any CPU.Build.0 = Debug|Any CPU
		{44759218-B558-4AF0-8991-515F1100DCF5}.Release|Any CPU.ActiveCfg = Release|Any CPU
		{44759218-B558-4AF0-8991-515F1100DCF5}.Release|Any CPU.Build.0 = Release|Any CPU
		{E442F4C1-08DB-470F-B9A6-197444CD0295}.Debug|Any CPU.ActiveCfg = Debug|Any CPU
		{E442F4C1-08DB-470F-B9A6-197444CD0295}.Debug|Any CPU.Build.0 = Debug|Any CPU
		{E442F4C1-08DB-470F-B9A6-197444CD0295}.Release|Any CPU.ActiveCfg = Release|Any CPU
		{E442F4C1-08DB-470F-B9A6-197444CD0295}.Release|Any CPU.Build.0 = Release|Any CPU
		{40081AD2-610C-4771-9007-758E3B339C62}.Debug|Any CPU.ActiveCfg = Debug|Any CPU
		{40081AD2-610C-4771-9007-758E3B339C62}.Debug|Any CPU.Build.0 = Debug|Any CPU
		{40081AD2-610C-4771-9007-758E3B339C62}.Release|Any CPU.ActiveCfg = Release|Any CPU
		{40081AD2-610C-4771-9007-758E3B339C62}.Release|Any CPU.Build.0 = Release|Any CPU
	EndGlobalSection
	GlobalSection(SolutionProperties) = preSolution
		HideSolutionNode = FALSE
	EndGlobalSection
	GlobalSection(NestedProjects) = preSolution
		{FD7D515A-D10F-4F49-B8AE-21CF7ED071AE} = {89905EC4-BC0F-443B-8ADF-691321F10108}
		{FF498306-2DE2-47F6-8C35-3CF0589CF2B8} = {89905EC4-BC0F-443B-8ADF-691321F10108}
		{203F0362-DAFC-4679-A01E-7FBC331D8647} = {ED2FE3E2-F7E7-4389-8231-B65123F2076F}
		{73ACEB34-D22C-43EA-87BE-EFC0E83D0126} = {ED2FE3E2-F7E7-4389-8231-B65123F2076F}
		{ABB81DAE-0D26-483C-BE3B-0F9ACD812A62} = {ED2FE3E2-F7E7-4389-8231-B65123F2076F}
		{570950AD-A080-4F32-980C-F50E312910DF} = {ED2FE3E2-F7E7-4389-8231-B65123F2076F}
		{098D9321-1201-4974-A75E-F58EBCD98ACF} = {ED2FE3E2-F7E7-4389-8231-B65123F2076F}
		{48E260F4-6F3F-4387-B61F-D15BABD06D9A} = {17735A9D-BFD9-4585-A7CB-3208CA6EA8A7}
		{C98C7C2E-2C29-4A40-958C-60561ED77791} = {ED2FE3E2-F7E7-4389-8231-B65123F2076F}
		{3275D006-54C8-4C64-A537-B9941C5D2F0C} = {89905EC4-BC0F-443B-8ADF-691321F10108}
		{FCDFAF40-CC16-4D49-96C0-E49F195E7142} = {ED2FE3E2-F7E7-4389-8231-B65123F2076F}
		{44759218-B558-4AF0-8991-515F1100DCF5} = {17735A9D-BFD9-4585-A7CB-3208CA6EA8A7}
		{E442F4C1-08DB-470F-B9A6-197444CD0295} = {17735A9D-BFD9-4585-A7CB-3208CA6EA8A7}
		{40081AD2-610C-4771-9007-758E3B339C62} = {17735A9D-BFD9-4585-A7CB-3208CA6EA8A7}
	EndGlobalSection
	GlobalSection(ExtensibilityGlobals) = postSolution
		SolutionGuid = {B526D2CE-EE2D-4AD4-93EF-1867D90FF1F5}
	EndGlobalSection
EndGlobal
